// !$*UTF8*$!
{
	archiveVersion = 1;
	classes = {
	};
	objectVersion = 46;
	objects = {

/* Begin PBXBuildFile section */
		657977BA1CB14FA900E9E4BD /* Makefile in Sources */ = {isa = PBXBuildFile; fileRef = 657977B21CB14FA900E9E4BD /* Makefile */; };
		657977BC1CB14FCD00E9E4BD /* libcurl.a in Frameworks */ = {isa = PBXBuildFile; fileRef = 657977BB1CB14FCD00E9E4BD /* libcurl.a */; };
		657E202E1CB37E7B00ED51A9 /* shell.c in Sources */ = {isa = PBXBuildFile; fileRef = 657E202A1CB37E7B00ED51A9 /* shell.c */; };
		657E202F1CB37E7B00ED51A9 /* sqlite3.c in Sources */ = {isa = PBXBuildFile; fileRef = 657E202B1CB37E7B00ED51A9 /* sqlite3.c */; };
		657E20321CB37E9D00ED51A9 /* KnowledgeInfo.cpp in Sources */ = {isa = PBXBuildFile; fileRef = 657E20301CB37E9D00ED51A9 /* KnowledgeInfo.cpp */; };
		657E20361CB37F3700ED51A9 /* Utils.cpp in Sources */ = {isa = PBXBuildFile; fileRef = 657E20341CB37F3700ED51A9 /* Utils.cpp */; };
		658EEF6D1CB1916700BFFD6F /* WorkerInfo.cpp in Sources */ = {isa = PBXBuildFile; fileRef = 658EEF6B1CB1916700BFFD6F /* WorkerInfo.cpp */; };
		658EEF701CB1918200BFFD6F /* CommunityInfo.cpp in Sources */ = {isa = PBXBuildFile; fileRef = 658EEF6E1CB1918200BFFD6F /* CommunityInfo.cpp */; };
		658EEF741CB1980000BFFD6F /* MapPoint.cpp in Sources */ = {isa = PBXBuildFile; fileRef = 658EEF721CB1980000BFFD6F /* MapPoint.cpp */; };
		658EEF8B1CB2100E00BFFD6F /* json_reader.cpp in Sources */ = {isa = PBXBuildFile; fileRef = 658EEF851CB2100E00BFFD6F /* json_reader.cpp */; };
		658EEF8C1CB2100E00BFFD6F /* json_value.cpp in Sources */ = {isa = PBXBuildFile; fileRef = 658EEF871CB2100E00BFFD6F /* json_value.cpp */; };
		658EEF8D1CB2100E00BFFD6F /* json_writer.cpp in Sources */ = {isa = PBXBuildFile; fileRef = 658EEF891CB2100E00BFFD6F /* json_writer.cpp */; };
		658EEF901CB2129200BFFD6F /* ElevatorInfo.cpp in Sources */ = {isa = PBXBuildFile; fileRef = 658EEF8E1CB2129200BFFD6F /* ElevatorInfo.cpp */; };
		658EEF931CB215B500BFFD6F /* RequestHead.cpp in Sources */ = {isa = PBXBuildFile; fileRef = 658EEF911CB215B500BFFD6F /* RequestHead.cpp */; };
		65976A3C1CBB52D300F35DB5 /* Chorstar.cpp in Sources */ = {isa = PBXBuildFile; fileRef = 65976A3A1CBB52D300F35DB5 /* Chorstar.cpp */; };
		659CCCE41CB18DA200B3912A /* AlarmInfo.cpp in Sources */ = {isa = PBXBuildFile; fileRef = 659CCCE21CB18DA200B3912A /* AlarmInfo.cpp */; };
		65D1FAAF1E08C11C00F2F6EC /* Chorstar.h in CopyFiles */ = {isa = PBXBuildFile; fileRef = 65976A3B1CBB52D300F35DB5 /* Chorstar.h */; };
/* End PBXBuildFile section */

/* Begin PBXCopyFilesBuildPhase section */
		6579779A1CB14BF500E9E4BD /* CopyFiles */ = {
			isa = PBXCopyFilesBuildPhase;
			buildActionMask = 2147483647;
			dstPath = "include/$(PRODUCT_NAME)";
			dstSubfolderSpec = 16;
			files = (
				65D1FAAF1E08C11C00F2F6EC /* Chorstar.h in CopyFiles */,
			);
			runOnlyForDeploymentPostprocessing = 0;
		};
/* End PBXCopyFilesBuildPhase section */

/* Begin PBXFileReference section */
		6579779C1CB14BF500E9E4BD /* libchorstar.a */ = {isa = PBXFileReference; explicitFileType = archive.ar; includeInIndex = 0; path = libchorstar.a; sourceTree = BUILT_PRODUCTS_DIR; };
		657977AB1CB14FA900E9E4BD /* curl.h */ = {isa = PBXFileReference; fileEncoding = 4; lastKnownFileType = sourcecode.c.h; path = curl.h; sourceTree = "<group>"; };
		657977AC1CB14FA900E9E4BD /* curlbuild.h */ = {isa = PBXFileReference; fileEncoding = 4; lastKnownFileType = sourcecode.c.h; path = curlbuild.h; sourceTree = "<group>"; };
		657977AD1CB14FA900E9E4BD /* curlbuild.h.cmake */ = {isa = PBXFileReference; fileEncoding = 4; lastKnownFileType = text; path = curlbuild.h.cmake; sourceTree = "<group>"; };
		657977AE1CB14FA900E9E4BD /* curlbuild.h.in */ = {isa = PBXFileReference; fileEncoding = 4; lastKnownFileType = text; path = curlbuild.h.in; sourceTree = "<group>"; };
		657977AF1CB14FA900E9E4BD /* curlrules.h */ = {isa = PBXFileReference; fileEncoding = 4; lastKnownFileType = sourcecode.c.h; path = curlrules.h; sourceTree = "<group>"; };
		657977B01CB14FA900E9E4BD /* curlver.h */ = {isa = PBXFileReference; fileEncoding = 4; lastKnownFileType = sourcecode.c.h; path = curlver.h; sourceTree = "<group>"; };
		657977B11CB14FA900E9E4BD /* easy.h */ = {isa = PBXFileReference; fileEncoding = 4; lastKnownFileType = sourcecode.c.h; path = easy.h; sourceTree = "<group>"; };
		657977B21CB14FA900E9E4BD /* Makefile */ = {isa = PBXFileReference; fileEncoding = 4; lastKnownFileType = sourcecode.make; path = Makefile; sourceTree = "<group>"; };
		657977B31CB14FA900E9E4BD /* Makefile.am */ = {isa = PBXFileReference; fileEncoding = 4; lastKnownFileType = text; path = Makefile.am; sourceTree = "<group>"; };
		657977B41CB14FA900E9E4BD /* Makefile.in */ = {isa = PBXFileReference; fileEncoding = 4; lastKnownFileType = text; path = Makefile.in; sourceTree = "<group>"; };
		657977B51CB14FA900E9E4BD /* mprintf.h */ = {isa = PBXFileReference; fileEncoding = 4; lastKnownFileType = sourcecode.c.h; path = mprintf.h; sourceTree = "<group>"; };
		657977B61CB14FA900E9E4BD /* multi.h */ = {isa = PBXFileReference; fileEncoding = 4; lastKnownFileType = sourcecode.c.h; path = multi.h; sourceTree = "<group>"; };
		657977B71CB14FA900E9E4BD /* stamp-h2 */ = {isa = PBXFileReference; fileEncoding = 4; lastKnownFileType = text; path = "stamp-h2"; sourceTree = "<group>"; };
		657977B81CB14FA900E9E4BD /* stdcheaders.h */ = {isa = PBXFileReference; fileEncoding = 4; lastKnownFileType = sourcecode.c.h; path = stdcheaders.h; sourceTree = "<group>"; };
		657977B91CB14FA900E9E4BD /* typecheck-gcc.h */ = {isa = PBXFileReference; fileEncoding = 4; lastKnownFileType = sourcecode.c.h; path = "typecheck-gcc.h"; sourceTree = "<group>"; };
		657977BB1CB14FCD00E9E4BD /* libcurl.a */ = {isa = PBXFileReference; lastKnownFileType = archive.ar; name = libcurl.a; path = libs/libcurl.a; sourceTree = "<group>"; };
		657E202A1CB37E7B00ED51A9 /* shell.c */ = {isa = PBXFileReference; fileEncoding = 4; lastKnownFileType = sourcecode.c.c; path = shell.c; sourceTree = "<group>"; };
		657E202B1CB37E7B00ED51A9 /* sqlite3.c */ = {isa = PBXFileReference; fileEncoding = 4; lastKnownFileType = sourcecode.c.c; path = sqlite3.c; sourceTree = "<group>"; };
		657E202C1CB37E7B00ED51A9 /* sqlite3.h */ = {isa = PBXFileReference; fileEncoding = 4; lastKnownFileType = sourcecode.c.h; path = sqlite3.h; sourceTree = "<group>"; };
		657E202D1CB37E7B00ED51A9 /* sqlite3ext.h */ = {isa = PBXFileReference; fileEncoding = 4; lastKnownFileType = sourcecode.c.h; path = sqlite3ext.h; sourceTree = "<group>"; };
		657E20301CB37E9D00ED51A9 /* KnowledgeInfo.cpp */ = {isa = PBXFileReference; fileEncoding = 4; lastKnownFileType = sourcecode.cpp.cpp; name = KnowledgeInfo.cpp; path = data/KnowledgeInfo.cpp; sourceTree = "<group>"; };
		657E20311CB37E9D00ED51A9 /* KnowledgeInfo.hpp */ = {isa = PBXFileReference; fileEncoding = 4; lastKnownFileType = sourcecode.cpp.h; name = KnowledgeInfo.hpp; path = data/KnowledgeInfo.hpp; sourceTree = "<group>"; };
		657E20341CB37F3700ED51A9 /* Utils.cpp */ = {isa = PBXFileReference; fileEncoding = 4; lastKnownFileType = sourcecode.cpp.cpp; path = Utils.cpp; sourceTree = "<group>"; };
		657E20351CB37F3700ED51A9 /* Utils.hpp */ = {isa = PBXFileReference; fileEncoding = 4; lastKnownFileType = sourcecode.cpp.h; path = Utils.hpp; sourceTree = "<group>"; };
		658EEF6B1CB1916700BFFD6F /* WorkerInfo.cpp */ = {isa = PBXFileReference; fileEncoding = 4; lastKnownFileType = sourcecode.cpp.cpp; name = WorkerInfo.cpp; path = data/WorkerInfo.cpp; sourceTree = "<group>"; };
		658EEF6C1CB1916700BFFD6F /* WorkerInfo.hpp */ = {isa = PBXFileReference; fileEncoding = 4; lastKnownFileType = sourcecode.cpp.h; name = WorkerInfo.hpp; path = data/WorkerInfo.hpp; sourceTree = "<group>"; };
		658EEF6E1CB1918200BFFD6F /* CommunityInfo.cpp */ = {isa = PBXFileReference; fileEncoding = 4; lastKnownFileType = sourcecode.cpp.cpp; name = CommunityInfo.cpp; path = data/CommunityInfo.cpp; sourceTree = "<group>"; };
		658EEF6F1CB1918200BFFD6F /* CommunityInfo.hpp */ = {isa = PBXFileReference; fileEncoding = 4; lastKnownFileType = sourcecode.cpp.h; name = CommunityInfo.hpp; path = data/CommunityInfo.hpp; sourceTree = "<group>"; };
		658EEF711CB1955200BFFD6F /* PrefixHeader.h */ = {isa = PBXFileReference; lastKnownFileType = sourcecode.c.h; path = PrefixHeader.h; sourceTree = "<group>"; };
		658EEF721CB1980000BFFD6F /* MapPoint.cpp */ = {isa = PBXFileReference; fileEncoding = 4; lastKnownFileType = sourcecode.cpp.cpp; name = MapPoint.cpp; path = data/MapPoint.cpp; sourceTree = "<group>"; };
		658EEF731CB1980000BFFD6F /* MapPoint.hpp */ = {isa = PBXFileReference; fileEncoding = 4; lastKnownFileType = sourcecode.cpp.h; name = MapPoint.hpp; path = data/MapPoint.hpp; sourceTree = "<group>"; };
		658EEF781CB2100E00BFFD6F /* autolink.h */ = {isa = PBXFileReference; fileEncoding = 4; lastKnownFileType = sourcecode.c.h; path = autolink.h; sourceTree = "<group>"; };
		658EEF791CB2100E00BFFD6F /* config.h */ = {isa = PBXFileReference; fileEncoding = 4; lastKnownFileType = sourcecode.c.h; path = config.h; sourceTree = "<group>"; };
		658EEF7A1CB2100E00BFFD6F /* features.h */ = {isa = PBXFileReference; fileEncoding = 4; lastKnownFileType = sourcecode.c.h; path = features.h; sourceTree = "<group>"; };
		658EEF7B1CB2100E00BFFD6F /* forwards.h */ = {isa = PBXFileReference; fileEncoding = 4; lastKnownFileType = sourcecode.c.h; path = forwards.h; sourceTree = "<group>"; };
		658EEF7C1CB2100E00BFFD6F /* json.h */ = {isa = PBXFileReference; fileEncoding = 4; lastKnownFileType = sourcecode.c.h; path = json.h; sourceTree = "<group>"; };
		658EEF7D1CB2100E00BFFD6F /* reader.h */ = {isa = PBXFileReference; fileEncoding = 4; lastKnownFileType = sourcecode.c.h; path = reader.h; sourceTree = "<group>"; };
		658EEF7E1CB2100E00BFFD6F /* value.h */ = {isa = PBXFileReference; fileEncoding = 4; lastKnownFileType = sourcecode.c.h; path = value.h; sourceTree = "<group>"; };
		658EEF7F1CB2100E00BFFD6F /* writer.h */ = {isa = PBXFileReference; fileEncoding = 4; lastKnownFileType = sourcecode.c.h; path = writer.h; sourceTree = "<group>"; };
		658EEF821CB2100E00BFFD6F /* json_batchallocator.h */ = {isa = PBXFileReference; fileEncoding = 4; lastKnownFileType = sourcecode.c.h; path = json_batchallocator.h; sourceTree = "<group>"; };
		658EEF831CB2100E00BFFD6F /* json_internalarray.inl */ = {isa = PBXFileReference; fileEncoding = 4; lastKnownFileType = text; path = json_internalarray.inl; sourceTree = "<group>"; };
		658EEF841CB2100E00BFFD6F /* json_internalmap.inl */ = {isa = PBXFileReference; fileEncoding = 4; lastKnownFileType = text; path = json_internalmap.inl; sourceTree = "<group>"; };
		658EEF851CB2100E00BFFD6F /* json_reader.cpp */ = {isa = PBXFileReference; fileEncoding = 4; lastKnownFileType = sourcecode.cpp.cpp; path = json_reader.cpp; sourceTree = "<group>"; };
		658EEF861CB2100E00BFFD6F /* json_tool.h */ = {isa = PBXFileReference; fileEncoding = 4; lastKnownFileType = sourcecode.c.h; path = json_tool.h; sourceTree = "<group>"; };
		658EEF871CB2100E00BFFD6F /* json_value.cpp */ = {isa = PBXFileReference; fileEncoding = 4; lastKnownFileType = sourcecode.cpp.cpp; path = json_value.cpp; sourceTree = "<group>"; };
		658EEF881CB2100E00BFFD6F /* json_valueiterator.inl */ = {isa = PBXFileReference; fileEncoding = 4; lastKnownFileType = text; path = json_valueiterator.inl; sourceTree = "<group>"; };
		658EEF891CB2100E00BFFD6F /* json_writer.cpp */ = {isa = PBXFileReference; fileEncoding = 4; lastKnownFileType = sourcecode.cpp.cpp; path = json_writer.cpp; sourceTree = "<group>"; };
		658EEF8A1CB2100E00BFFD6F /* sconscript */ = {isa = PBXFileReference; fileEncoding = 4; lastKnownFileType = text; path = sconscript; sourceTree = "<group>"; };
		658EEF8E1CB2129200BFFD6F /* ElevatorInfo.cpp */ = {isa = PBXFileReference; fileEncoding = 4; lastKnownFileType = sourcecode.cpp.cpp; name = ElevatorInfo.cpp; path = data/ElevatorInfo.cpp; sourceTree = "<group>"; };
		658EEF8F1CB2129200BFFD6F /* ElevatorInfo.hpp */ = {isa = PBXFileReference; fileEncoding = 4; lastKnownFileType = sourcecode.cpp.h; name = ElevatorInfo.hpp; path = data/ElevatorInfo.hpp; sourceTree = "<group>"; };
		658EEF911CB215B500BFFD6F /* RequestHead.cpp */ = {isa = PBXFileReference; fileEncoding = 4; lastKnownFileType = sourcecode.cpp.cpp; name = RequestHead.cpp; path = network/RequestHead.cpp; sourceTree = "<group>"; };
		658EEF921CB215B500BFFD6F /* RequestHead.hpp */ = {isa = PBXFileReference; fileEncoding = 4; lastKnownFileType = sourcecode.cpp.h; name = RequestHead.hpp; path = network/RequestHead.hpp; sourceTree = "<group>"; };
		65976A3A1CBB52D300F35DB5 /* Chorstar.cpp */ = {isa = PBXFileReference; fileEncoding = 4; lastKnownFileType = sourcecode.cpp.cpp; path = Chorstar.cpp; sourceTree = "<group>"; };
		65976A3B1CBB52D300F35DB5 /* Chorstar.h */ = {isa = PBXFileReference; fileEncoding = 4; lastKnownFileType = sourcecode.c.h; path = Chorstar.h; sourceTree = "<group>"; };
		659CCCE21CB18DA200B3912A /* AlarmInfo.cpp */ = {isa = PBXFileReference; fileEncoding = 4; lastKnownFileType = sourcecode.cpp.cpp; name = AlarmInfo.cpp; path = data/AlarmInfo.cpp; sourceTree = "<group>"; };
		659CCCE31CB18DA200B3912A /* AlarmInfo.hpp */ = {isa = PBXFileReference; fileEncoding = 4; lastKnownFileType = sourcecode.cpp.h; name = AlarmInfo.hpp; path = data/AlarmInfo.hpp; sourceTree = "<group>"; };
/* End PBXFileReference section */

/* Begin PBXFrameworksBuildPhase section */
		657977991CB14BF500E9E4BD /* Frameworks */ = {
			isa = PBXFrameworksBuildPhase;
			buildActionMask = 2147483647;
			files = (
				657977BC1CB14FCD00E9E4BD /* libcurl.a in Frameworks */,
			);
			runOnlyForDeploymentPostprocessing = 0;
		};
/* End PBXFrameworksBuildPhase section */

/* Begin PBXGroup section */
		657977931CB14BF500E9E4BD = {
			isa = PBXGroup;
			children = (
				657E20331CB37F3700ED51A9 /* utils */,
				657E20291CB37E7B00ED51A9 /* sqlite */,
				658EEF751CB2100E00BFFD6F /* jsoncpp */,
				657977BB1CB14FCD00E9E4BD /* libcurl.a */,
				657977AA1CB14FA900E9E4BD /* curl */,
				6579779E1CB14BF500E9E4BD /* chorstar */,
				6579779D1CB14BF500E9E4BD /* Products */,
			);
			sourceTree = "<group>";
		};
		6579779D1CB14BF500E9E4BD /* Products */ = {
			isa = PBXGroup;
			children = (
				6579779C1CB14BF500E9E4BD /* libchorstar.a */,
			);
			name = Products;
			sourceTree = "<group>";
		};
		6579779E1CB14BF500E9E4BD /* chorstar */ = {
			isa = PBXGroup;
			children = (
				65976A3A1CBB52D300F35DB5 /* Chorstar.cpp */,
				65976A3B1CBB52D300F35DB5 /* Chorstar.h */,
				659CCCE11CB18D1C00B3912A /* network */,
				659CCCE01CB18CF800B3912A /* data */,
				658EEF711CB1955200BFFD6F /* PrefixHeader.h */,
			);
			path = chorstar;
			sourceTree = "<group>";
		};
		657977AA1CB14FA900E9E4BD /* curl */ = {
			isa = PBXGroup;
			children = (
				657977AB1CB14FA900E9E4BD /* curl.h */,
				657977AC1CB14FA900E9E4BD /* curlbuild.h */,
				657977AD1CB14FA900E9E4BD /* curlbuild.h.cmake */,
				657977AE1CB14FA900E9E4BD /* curlbuild.h.in */,
				657977AF1CB14FA900E9E4BD /* curlrules.h */,
				657977B01CB14FA900E9E4BD /* curlver.h */,
				657977B11CB14FA900E9E4BD /* easy.h */,
				657977B21CB14FA900E9E4BD /* Makefile */,
				657977B31CB14FA900E9E4BD /* Makefile.am */,
				657977B41CB14FA900E9E4BD /* Makefile.in */,
				657977B51CB14FA900E9E4BD /* mprintf.h */,
				657977B61CB14FA900E9E4BD /* multi.h */,
				657977B71CB14FA900E9E4BD /* stamp-h2 */,
				657977B81CB14FA900E9E4BD /* stdcheaders.h */,
				657977B91CB14FA900E9E4BD /* typecheck-gcc.h */,
			);
			path = curl;
			sourceTree = "<group>";
		};
		657E20291CB37E7B00ED51A9 /* sqlite */ = {
			isa = PBXGroup;
			children = (
				657E202A1CB37E7B00ED51A9 /* shell.c */,
				657E202B1CB37E7B00ED51A9 /* sqlite3.c */,
				657E202C1CB37E7B00ED51A9 /* sqlite3.h */,
				657E202D1CB37E7B00ED51A9 /* sqlite3ext.h */,
			);
			path = sqlite;
			sourceTree = "<group>";
		};
		657E20331CB37F3700ED51A9 /* utils */ = {
			isa = PBXGroup;
			children = (
				657E20341CB37F3700ED51A9 /* Utils.cpp */,
				657E20351CB37F3700ED51A9 /* Utils.hpp */,
			);
			name = utils;
			path = chorstar/utils;
			sourceTree = "<group>";
		};
		658EEF751CB2100E00BFFD6F /* jsoncpp */ = {
			isa = PBXGroup;
			children = (
				658EEF761CB2100E00BFFD6F /* include */,
				658EEF801CB2100E00BFFD6F /* src */,
			);
			path = jsoncpp;
			sourceTree = "<group>";
		};
		658EEF761CB2100E00BFFD6F /* include */ = {
			isa = PBXGroup;
			children = (
				658EEF771CB2100E00BFFD6F /* json */,
			);
			path = include;
			sourceTree = "<group>";
		};
		658EEF771CB2100E00BFFD6F /* json */ = {
			isa = PBXGroup;
			children = (
				658EEF781CB2100E00BFFD6F /* autolink.h */,
				658EEF791CB2100E00BFFD6F /* config.h */,
				658EEF7A1CB2100E00BFFD6F /* features.h */,
				658EEF7B1CB2100E00BFFD6F /* forwards.h */,
				658EEF7C1CB2100E00BFFD6F /* json.h */,
				658EEF7D1CB2100E00BFFD6F /* reader.h */,
				658EEF7E1CB2100E00BFFD6F /* value.h */,
				658EEF7F1CB2100E00BFFD6F /* writer.h */,
			);
			path = json;
			sourceTree = "<group>";
		};
		658EEF801CB2100E00BFFD6F /* src */ = {
			isa = PBXGroup;
			children = (
				658EEF811CB2100E00BFFD6F /* lib_json */,
			);
			path = src;
			sourceTree = "<group>";
		};
		658EEF811CB2100E00BFFD6F /* lib_json */ = {
			isa = PBXGroup;
			children = (
				658EEF821CB2100E00BFFD6F /* json_batchallocator.h */,
				658EEF831CB2100E00BFFD6F /* json_internalarray.inl */,
				658EEF841CB2100E00BFFD6F /* json_internalmap.inl */,
				658EEF851CB2100E00BFFD6F /* json_reader.cpp */,
				658EEF861CB2100E00BFFD6F /* json_tool.h */,
				658EEF871CB2100E00BFFD6F /* json_value.cpp */,
				658EEF881CB2100E00BFFD6F /* json_valueiterator.inl */,
				658EEF891CB2100E00BFFD6F /* json_writer.cpp */,
				658EEF8A1CB2100E00BFFD6F /* sconscript */,
			);
			path = lib_json;
			sourceTree = "<group>";
		};
		659CCCE01CB18CF800B3912A /* data */ = {
			isa = PBXGroup;
			children = (
				657E20301CB37E9D00ED51A9 /* KnowledgeInfo.cpp */,
				657E20311CB37E9D00ED51A9 /* KnowledgeInfo.hpp */,
				659CCCE21CB18DA200B3912A /* AlarmInfo.cpp */,
				659CCCE31CB18DA200B3912A /* AlarmInfo.hpp */,
				658EEF6B1CB1916700BFFD6F /* WorkerInfo.cpp */,
				658EEF6C1CB1916700BFFD6F /* WorkerInfo.hpp */,
				658EEF6E1CB1918200BFFD6F /* CommunityInfo.cpp */,
				658EEF6F1CB1918200BFFD6F /* CommunityInfo.hpp */,
				658EEF721CB1980000BFFD6F /* MapPoint.cpp */,
				658EEF731CB1980000BFFD6F /* MapPoint.hpp */,
				658EEF8E1CB2129200BFFD6F /* ElevatorInfo.cpp */,
				658EEF8F1CB2129200BFFD6F /* ElevatorInfo.hpp */,
			);
			name = data;
			sourceTree = "<group>";
		};
		659CCCE11CB18D1C00B3912A /* network */ = {
			isa = PBXGroup;
			children = (
				658EEF911CB215B500BFFD6F /* RequestHead.cpp */,
				658EEF921CB215B500BFFD6F /* RequestHead.hpp */,
			);
			name = network;
			sourceTree = "<group>";
		};
/* End PBXGroup section */

/* Begin PBXNativeTarget section */
		6579779B1CB14BF500E9E4BD /* chorstar */ = {
			isa = PBXNativeTarget;
			buildConfigurationList = 657977A51CB14BF500E9E4BD /* Build configuration list for PBXNativeTarget "chorstar" */;
			buildPhases = (
				657977981CB14BF500E9E4BD /* Sources */,
				657977991CB14BF500E9E4BD /* Frameworks */,
				6579779A1CB14BF500E9E4BD /* CopyFiles */,
			);
			buildRules = (
			);
			dependencies = (
			);
			name = chorstar;
			productName = chorstar;
			productReference = 6579779C1CB14BF500E9E4BD /* libchorstar.a */;
			productType = "com.apple.product-type.library.static";
		};
/* End PBXNativeTarget section */

/* Begin PBXProject section */
		657977941CB14BF500E9E4BD /* Project object */ = {
			isa = PBXProject;
			attributes = {
				LastUpgradeCheck = 0730;
				ORGANIZATIONNAME = "长浩 张";
				TargetAttributes = {
					6579779B1CB14BF500E9E4BD = {
						CreatedOnToolsVersion = 7.3;
					};
				};
			};
			buildConfigurationList = 657977971CB14BF500E9E4BD /* Build configuration list for PBXProject "chorstar" */;
			compatibilityVersion = "Xcode 3.2";
			developmentRegion = English;
			hasScannedForEncodings = 0;
			knownRegions = (
				en,
			);
			mainGroup = 657977931CB14BF500E9E4BD;
			productRefGroup = 6579779D1CB14BF500E9E4BD /* Products */;
			projectDirPath = "";
			projectRoot = "";
			targets = (
				6579779B1CB14BF500E9E4BD /* chorstar */,
			);
		};
/* End PBXProject section */

/* Begin PBXSourcesBuildPhase section */
		657977981CB14BF500E9E4BD /* Sources */ = {
			isa = PBXSourcesBuildPhase;
			buildActionMask = 2147483647;
			files = (
				657E202E1CB37E7B00ED51A9 /* shell.c in Sources */,
				658EEF701CB1918200BFFD6F /* CommunityInfo.cpp in Sources */,
				657E20321CB37E9D00ED51A9 /* KnowledgeInfo.cpp in Sources */,
				65976A3C1CBB52D300F35DB5 /* Chorstar.cpp in Sources */,
				658EEF8D1CB2100E00BFFD6F /* json_writer.cpp in Sources */,
				657977BA1CB14FA900E9E4BD /* Makefile in Sources */,
				658EEF901CB2129200BFFD6F /* ElevatorInfo.cpp in Sources */,
				658EEF8B1CB2100E00BFFD6F /* json_reader.cpp in Sources */,
				658EEF6D1CB1916700BFFD6F /* WorkerInfo.cpp in Sources */,
				659CCCE41CB18DA200B3912A /* AlarmInfo.cpp in Sources */,
				658EEF931CB215B500BFFD6F /* RequestHead.cpp in Sources */,
				657E202F1CB37E7B00ED51A9 /* sqlite3.c in Sources */,
				658EEF8C1CB2100E00BFFD6F /* json_value.cpp in Sources */,
				657E20361CB37F3700ED51A9 /* Utils.cpp in Sources */,
				658EEF741CB1980000BFFD6F /* MapPoint.cpp in Sources */,
			);
			runOnlyForDeploymentPostprocessing = 0;
		};
/* End PBXSourcesBuildPhase section */

/* Begin XCBuildConfiguration section */
		657977A31CB14BF500E9E4BD /* Debug */ = {
			isa = XCBuildConfiguration;
			buildSettings = {
				ALWAYS_SEARCH_USER_PATHS = NO;
				CLANG_ANALYZER_NONNULL = YES;
				CLANG_CXX_LANGUAGE_STANDARD = "gnu++0x";
				CLANG_CXX_LIBRARY = "libc++";
				CLANG_ENABLE_MODULES = YES;
				CLANG_ENABLE_OBJC_ARC = YES;
				CLANG_WARN_BOOL_CONVERSION = YES;
				CLANG_WARN_CONSTANT_CONVERSION = YES;
				CLANG_WARN_DIRECT_OBJC_ISA_USAGE = YES_ERROR;
				CLANG_WARN_EMPTY_BODY = YES;
				CLANG_WARN_ENUM_CONVERSION = YES;
				CLANG_WARN_INT_CONVERSION = YES;
				CLANG_WARN_OBJC_ROOT_CLASS = YES_ERROR;
				CLANG_WARN_UNREACHABLE_CODE = YES;
				CLANG_WARN__DUPLICATE_METHOD_MATCH = YES;
				"CODE_SIGN_IDENTITY[sdk=iphoneos*]" = "iPhone Developer";
				COPY_PHASE_STRIP = NO;
				DEBUG_INFORMATION_FORMAT = dwarf;
				ENABLE_STRICT_OBJC_MSGSEND = YES;
				ENABLE_TESTABILITY = YES;
				GCC_C_LANGUAGE_STANDARD = gnu99;
				GCC_DYNAMIC_NO_PIC = NO;
				GCC_NO_COMMON_BLOCKS = YES;
				GCC_OPTIMIZATION_LEVEL = 0;
				GCC_PREPROCESSOR_DEFINITIONS = (
					"DEBUG=1",
					"$(inherited)",
				);
				GCC_WARN_64_TO_32_BIT_CONVERSION = YES;
				GCC_WARN_ABOUT_RETURN_TYPE = YES_ERROR;
				GCC_WARN_UNDECLARED_SELECTOR = YES;
				GCC_WARN_UNINITIALIZED_AUTOS = YES_AGGRESSIVE;
				GCC_WARN_UNUSED_FUNCTION = YES;
				GCC_WARN_UNUSED_VARIABLE = YES;
				IPHONEOS_DEPLOYMENT_TARGET = 9.3;
				MTL_ENABLE_DEBUG_INFO = YES;
				ONLY_ACTIVE_ARCH = YES;
				SDKROOT = iphoneos;
			};
			name = Debug;
		};
		657977A41CB14BF500E9E4BD /* Release */ = {
			isa = XCBuildConfiguration;
			buildSettings = {
				ALWAYS_SEARCH_USER_PATHS = NO;
				CLANG_ANALYZER_NONNULL = YES;
				CLANG_CXX_LANGUAGE_STANDARD = "gnu++0x";
				CLANG_CXX_LIBRARY = "libc++";
				CLANG_ENABLE_MODULES = YES;
				CLANG_ENABLE_OBJC_ARC = YES;
				CLANG_WARN_BOOL_CONVERSION = YES;
				CLANG_WARN_CONSTANT_CONVERSION = YES;
				CLANG_WARN_DIRECT_OBJC_ISA_USAGE = YES_ERROR;
				CLANG_WARN_EMPTY_BODY = YES;
				CLANG_WARN_ENUM_CONVERSION = YES;
				CLANG_WARN_INT_CONVERSION = YES;
				CLANG_WARN_OBJC_ROOT_CLASS = YES_ERROR;
				CLANG_WARN_UNREACHABLE_CODE = YES;
				CLANG_WARN__DUPLICATE_METHOD_MATCH = YES;
				"CODE_SIGN_IDENTITY[sdk=iphoneos*]" = "iPhone Developer";
				COPY_PHASE_STRIP = NO;
				DEBUG_INFORMATION_FORMAT = "dwarf-with-dsym";
				ENABLE_NS_ASSERTIONS = NO;
				ENABLE_STRICT_OBJC_MSGSEND = YES;
				GCC_C_LANGUAGE_STANDARD = gnu99;
				GCC_NO_COMMON_BLOCKS = YES;
				GCC_WARN_64_TO_32_BIT_CONVERSION = YES;
				GCC_WARN_ABOUT_RETURN_TYPE = YES_ERROR;
				GCC_WARN_UNDECLARED_SELECTOR = YES;
				GCC_WARN_UNINITIALIZED_AUTOS = YES_AGGRESSIVE;
				GCC_WARN_UNUSED_FUNCTION = YES;
				GCC_WARN_UNUSED_VARIABLE = YES;
				IPHONEOS_DEPLOYMENT_TARGET = 9.3;
				MTL_ENABLE_DEBUG_INFO = NO;
				ONLY_ACTIVE_ARCH = YES;
				SDKROOT = iphoneos;
				VALIDATE_PRODUCT = YES;
			};
			name = Release;
		};
		657977A61CB14BF500E9E4BD /* Debug */ = {
			isa = XCBuildConfiguration;
			buildSettings = {
				LIBRARY_SEARCH_PATHS = (
					"$(inherited)",
					"$(PROJECT_DIR)/libs",
				);
				OTHER_LDFLAGS = "-ObjC";
				PRODUCT_NAME = "$(TARGET_NAME)";
				SKIP_INSTALL = YES;
			};
			name = Debug;
		};
		657977A71CB14BF500E9E4BD /* Release */ = {
			isa = XCBuildConfiguration;
			buildSettings = {
				LIBRARY_SEARCH_PATHS = (
					"$(inherited)",
					"$(PROJECT_DIR)/libs",
				);
				OTHER_LDFLAGS = "-ObjC";
				PRODUCT_NAME = "$(TARGET_NAME)";
				SKIP_INSTALL = YES;
			};
			name = Release;
		};
/* End XCBuildConfiguration section */

/* Begin XCConfigurationList section */
		657977971CB14BF500E9E4BD /* Build configuration list for PBXProject "chorstar" */ = {
			isa = XCConfigurationList;
			buildConfigurations = (
				657977A31CB14BF500E9E4BD /* Debug */,
				657977A41CB14BF500E9E4BD /* Release */,
			);
			defaultConfigurationIsVisible = 0;
			defaultConfigurationName = Release;
		};
		657977A51CB14BF500E9E4BD /* Build configuration list for PBXNativeTarget "chorstar" */ = {
			isa = XCConfigurationList;
			buildConfigurations = (
				657977A61CB14BF500E9E4BD /* Debug */,
				657977A71CB14BF500E9E4BD /* Release */,
			);
			defaultConfigurationIsVisible = 0;
			defaultConfigurationName = Release;
		};
/* End XCConfigurationList section */
	};
	rootObject = 657977941CB14BF500E9E4BD /* Project object */;
}
